
Microsoft Visual Studio Solution File, Format Version 12.00
# Visual Studio Version 16
VisualStudioVersion = 16.0.35425.106
MinimumVisualStudioVersion = 10.0.40219.1
Project("{FAE04EC0-301F-11D3-BF4B-00C04F79EFBC}") = "Life", "Life.csproj", "{0A6FD9DE-6218-4E37-80AC-3A2C744C4BBF}"
EndProject
Global
	GlobalSection(SolutionConfigurationPlatforms) = preSolution
		Debug|Any CPU = Debug|Any CPU
		Release|Any CPU = Release|Any CPU
	EndGlobalSection
	GlobalSection(ProjectConfigurationPlatforms) = postSolution
		{0A6FD9DE-6218-4E37-80AC-3A2C744C4BBF}.Debug|Any CPU.ActiveCfg = Debug|Any CPU
		{0A6FD9DE-6218-4E37-80AC-3A2C744C4BBF}.Debug|Any CPU.Build.0 = Debug|Any CPU
		{0A6FD9DE-6218-4E37-80AC-3A2C744C4BBF}.Release|Any CPU.ActiveCfg = Release|Any CPU
		{0A6FD9DE-6218-4E37-80AC-3A2C744C4BBF}.Release|Any CPU.Build.0 = Release|Any CPU
	EndGlobalSection
	GlobalSection(SolutionProperties) = preSolution
		HideSolutionNode = FALSE
	EndGlobalSection
	GlobalSection(ExtensibilityGlobals) = postSolution
		SolutionGuid = {411BF216-E334-4DFD-A21A-49F481546006}
	EndGlobalSection
EndGlobal
